github.com/CosmWasm/wasmd v0.40.2/go.mod h1:vqI238yb4D6aNuigS8mCqTyyCV9HN5eBEZARKRoK3ts=
github.com/cosmos/ibc-go/v7 v7.2.0 h1:dx0DLUl7rxdyZ8NiT6UsrbzKOJx/w7s+BOaewFRH6cg=
github.com/cosmos/ibc-go/v7 v7.2.0/go.mod h1:OOcjKIRku/j1Xs1RgKK0yvKRrJ5iFuZYMetR1n3yMlc=
github.com/strangelove-ventures/interchaintest/v7 v7.0.0-20230622193330-220ce33823c0/go.mod h1:CQxeTz7/TUfTbwJ3hJgHwxaZGfeJUuyIXvSQOz5gH38=
github.com/terpnetwork/terp-core/v2 v2.0.0 h1:jGy5pyHJ/27HHWdUFKU4Zms/18zh560uc+JAUZOFs/M=
github.com/terpnetwork/terp-core/v2 v2.0.0/go.mod h1:JmoWqm6o9grCBMY9UqYczQ4wshEyEKNj1vj+FX8muAI=
go.uber.org/zap v1.24.0/go.mod h1:2kMP+WWQ8aoFoedH3T2sq6iJ2yDWpHbP0f6MQbS9Gkg=
